
Microsoft Visual Studio Solution File, Format Version 11.00
# Visual Studio 2010
Project("{FAE04EC0-301F-11D3-BF4B-00C04F79EFBC}") = "TestUtility", "TestUtility\TestUtility.csproj", "{47FA64C1-3844-4132-A5BA-C6A761B511CE}"
EndProject
Project("{FAE04EC0-301F-11D3-BF4B-00C04F79EFBC}") = "DataModel", "DataModel\DataModel.csproj", "{D5BB4659-FA96-40A0-9FFA-9CBB36CF0B55}"
EndProject
Global
	GlobalSection(SolutionConfigurationPlatforms) = preSolution
		Debug|iPhoneSimulator = Debug|iPhoneSimulator
		Release|iPhoneSimulator = Release|iPhoneSimulator
		Debug|iPhone = Debug|iPhone
		Release|iPhone = Release|iPhone
		Ad-Hoc|iPhone = Ad-Hoc|iPhone
		AppStore|iPhone = AppStore|iPhone
	EndGlobalSection
	GlobalSection(ProjectConfigurationPlatforms) = postSolution
		{47FA64C1-3844-4132-A5BA-C6A761B511CE}.Ad-Hoc|iPhone.ActiveCfg = Ad-Hoc|iPhone
		{47FA64C1-3844-4132-A5BA-C6A761B511CE}.Ad-Hoc|iPhone.Build.0 = Ad-Hoc|iPhone
		{47FA64C1-3844-4132-A5BA-C6A761B511CE}.AppStore|iPhone.ActiveCfg = AppStore|iPhone
		{47FA64C1-3844-4132-A5BA-C6A761B511CE}.AppStore|iPhone.Build.0 = AppStore|iPhone
		{47FA64C1-3844-4132-A5BA-C6A761B511CE}.Debug|iPhone.ActiveCfg = Debug|iPhone
		{47FA64C1-3844-4132-A5BA-C6A761B511CE}.Debug|iPhone.Build.0 = Debug|iPhone
		{47FA64C1-3844-4132-A5BA-C6A761B511CE}.Debug|iPhoneSimulator.ActiveCfg = Debug|iPhoneSimulator
		{47FA64C1-3844-4132-A5BA-C6A761B511CE}.Debug|iPhoneSimulator.Build.0 = Debug|iPhoneSimulator
		{47FA64C1-3844-4132-A5BA-C6A761B511CE}.Release|iPhone.ActiveCfg = Release|iPhone
		{47FA64C1-3844-4132-A5BA-C6A761B511CE}.Release|iPhone.Build.0 = Release|iPhone
		{47FA64C1-3844-4132-A5BA-C6A761B511CE}.Release|iPhoneSimulator.ActiveCfg = Release|iPhoneSimulator
		{47FA64C1-3844-4132-A5BA-C6A761B511CE}.Release|iPhoneSimulator.Build.0 = Release|iPhoneSimulator
		{D5BB4659-FA96-40A0-9FFA-9CBB36CF0B55}.Ad-Hoc|iPhone.ActiveCfg = Release|Any CPU
		{D5BB4659-FA96-40A0-9FFA-9CBB36CF0B55}.Ad-Hoc|iPhone.Build.0 = Release|Any CPU
		{D5BB4659-FA96-40A0-9FFA-9CBB36CF0B55}.AppStore|iPhone.ActiveCfg = Release|Any CPU
		{D5BB4659-FA96-40A0-9FFA-9CBB36CF0B55}.AppStore|iPhone.Build.0 = Release|Any CPU
		{D5BB4659-FA96-40A0-9FFA-9CBB36CF0B55}.Debug|iPhone.ActiveCfg = Debug|Any CPU
		{D5BB4659-FA96-40A0-9FFA-9CBB36CF0B55}.Debug|iPhone.Build.0 = Debug|Any CPU
		{D5BB4659-FA96-40A0-9FFA-9CBB36CF0B55}.Debug|iPhoneSimulator.ActiveCfg = Debug|Any CPU
		{D5BB4659-FA96-40A0-9FFA-9CBB36CF0B55}.Debug|iPhoneSimulator.Build.0 = Debug|Any CPU
		{D5BB4659-FA96-40A0-9FFA-9CBB36CF0B55}.Release|iPhone.ActiveCfg = Release|Any CPU
		{D5BB4659-FA96-40A0-9FFA-9CBB36CF0B55}.Release|iPhone.Build.0 = Release|Any CPU
		{D5BB4659-FA96-40A0-9FFA-9CBB36CF0B55}.Release|iPhoneSimulator.ActiveCfg = Release|Any CPU
		{D5BB4659-FA96-40A0-9FFA-9CBB36CF0B55}.Release|iPhoneSimulator.Build.0 = Release|Any CPU
	EndGlobalSection
	GlobalSection(MonoDevelopProperties) = preSolution
		StartupItem = TestUtility\TestUtility.csproj
	EndGlobalSection
EndGlobal
